
Microsoft Visual Studio Solution File, Format Version 12.00
# Visual Studio Version 16
VisualStudioVersion = 16.0.31005.135
MinimumVisualStudioVersion = 10.0.40219.1
Project("{9A19103F-16F7-4668-BE54-9A1E7A4F7556}") = "Animals", "Animals\Animals.csproj", "{53D5B916-E8ED-4E09-BF89-0E351F1C2C3C}"
EndProject
Project("{9A19103F-16F7-4668-BE54-9A1E7A4F7556}") = "Person", "Person\Person.csproj", "{E057B872-2D37-4530-9BCF-991B4CA56D22}"
EndProject
Project("{9A19103F-16F7-4668-BE54-9A1E7A4F7556}") = "Zoo", "Zoo\Zoo.csproj", "{A290C8D4-FEA6-4CB0-AA7B-3561CC5073D7}"
EndProject
Project("{9A19103F-16F7-4668-BE54-9A1E7A4F7556}") = "PlayersAndMonsters", "PlayersAndMonsters\PlayersAndMonsters.csproj", "{9B90DB31-19D5-40CA-A48F-83959E7EDDA1}"
EndProject
Project("{9A19103F-16F7-4668-BE54-9A1E7A4F7556}") = "NeedForSpeed", "NeedForSpeed\NeedForSpeed.csproj", "{6EE86CAF-C995-4B4E-8ED7-CE460A0931C1}"
EndProject
Project("{9A19103F-16F7-4668-BE54-9A1E7A4F7556}") = "Restaurant", "Restaurant\Restaurant.csproj", "{9FDAA681-C8E4-43FE-8CEF-30D5C34C8FF5}"
EndProject
Project("{9A19103F-16F7-4668-BE54-9A1E7A4F7556}") = "Farm", "Farm\Farm.csproj", "{4B75D2A5-D4FA-48BA-9902-F3FBFE90B979}"
EndProject
Project("{9A19103F-16F7-4668-BE54-9A1E7A4F7556}") = "CustomRandomList", "CustomRandomList\CustomRandomList.csproj", "{A582BC4E-C18F-42A3-8941-D5330787AE65}"
EndProject
Project("{9A19103F-16F7-4668-BE54-9A1E7A4F7556}") = "ClassBoxData", "ClassBoxData\ClassBoxData.csproj", "{100E5351-A809-4A72-B480-14CBB83ABD3F}"
EndProject
Project("{9A19103F-16F7-4668-BE54-9A1E7A4F7556}") = "AnimalFarm", "AnimalFarm\AnimalFarm.csproj", "{F7C09EF9-5D99-40E9-B26E-9F5F7E0A05D4}"
EndProject
Project("{9A19103F-16F7-4668-BE54-9A1E7A4F7556}") = "ShoppingSpree", "ShoppingSpree\ShoppingSpree.csproj", "{E46E6986-48BF-4D82-B404-0899D1A12FD8}"
EndProject
Project("{9A19103F-16F7-4668-BE54-9A1E7A4F7556}") = "PizzaCalories", "PizzaCalories\PizzaCalories.csproj", "{72CC99EC-8DEA-44DF-9A63-4A387BAAD0C5}"
EndProject
Project("{9A19103F-16F7-4668-BE54-9A1E7A4F7556}") = "CustomStack", "CustomStack\CustomStack.csproj", "{C15397FC-7BF1-4F39-8715-2446FCBC508E}"
EndProject
Project("{9A19103F-16F7-4668-BE54-9A1E7A4F7556}") = "FootballTeamGenerator", "FootballTeamGenerator\FootballTeamGenerator.csproj", "{D96DDBF7-FB1E-4723-857D-5CA5FACD47B6}"
EndProject
Project("{2150E333-8FDC-42A3-9474-1A3956D46DE8}") = "InterfacesAndAbstraction", "InterfacesAndAbstraction", "{DC64DFEC-1E08-47F0-9109-80C4054DA0BD}"
EndProject
Project("{9A19103F-16F7-4668-BE54-9A1E7A4F7556}") = "PersonInfo", "PersonInfo\PersonInfo.csproj", "{09336D34-8B14-41F5-A6B5-AC25557E7388}"
EndProject
Project("{9A19103F-16F7-4668-BE54-9A1E7A4F7556}") = "CollectionHierarchy", "CollectionHierarchy\CollectionHierarchy.csproj", "{78B8F2C6-29C1-4792-A7EC-C196F79A69DC}"
EndProject
Project("{9A19103F-16F7-4668-BE54-9A1E7A4F7556}") = "ExplicitInterfaces", "ExplicitInterfaces\ExplicitInterfaces.csproj", "{B362B6C1-BEB8-4303-8899-5EC835C5047C}"
EndProject
Project("{9A19103F-16F7-4668-BE54-9A1E7A4F7556}") = "Telephony", "Telephony\Telephony.csproj", "{5A4DCB62-3FB3-4313-9DEE-8E7A110784A2}"
EndProject
Project("{9A19103F-16F7-4668-BE54-9A1E7A4F7556}") = "BorderControl", "BorderControl\BorderControl.csproj", "{1C870DFA-AC1D-414A-B45D-85695251EC19}"
EndProject
Project("{9A19103F-16F7-4668-BE54-9A1E7A4F7556}") = "BirthdayCelebrations", "BirthdayCelebrations\BirthdayCelebrations.csproj", "{39D022B5-F9B9-4332-A86A-95073E2B1867}"
EndProject
Project("{9A19103F-16F7-4668-BE54-9A1E7A4F7556}") = "FoodShortage", "FoodShortage\FoodShortage.csproj", "{F552BCC9-965F-4A0E-A466-9A0238DC09E9}"
EndProject
Project("{9A19103F-16F7-4668-BE54-9A1E7A4F7556}") = "MilitaryElite", "MilitaryElite\MilitaryElite.csproj", "{9D13240F-3680-49FC-BD7B-4C43B838EAEC}"
EndProject
Project("{2150E333-8FDC-42A3-9474-1A3956D46DE8}") = "Polymorphism", "Polymorphism", "{0AC8940F-A78C-409E-A1CF-4408D0099DFF}"
EndProject
Project("{9A19103F-16F7-4668-BE54-9A1E7A4F7556}") = "Vehicles", "Vehicles\Vehicles.csproj", "{3B404AA7-C7E7-4B82-BD20-C6A6606D4995}"
EndProject
Project("{9A19103F-16F7-4668-BE54-9A1E7A4F7556}") = "Raiding", "Raiding\Raiding.csproj", "{9052D355-526D-4886-823D-5F9DDB1B0CD4}"
EndProject
Project("{9A19103F-16F7-4668-BE54-9A1E7A4F7556}") = "WildFarm", "WildFarm\WildFarm.csproj", "{D6BC5F1B-4531-4883-8BBA-F14DA1EE23EB}"
EndProject
Project("{2150E333-8FDC-42A3-9474-1A3956D46DE8}") = "FunctionalProgramming", "FunctionalProgramming", "{7DF87FC6-002A-4197-861D-FDB512941588}"
EndProject
Project("{9A19103F-16F7-4668-BE54-9A1E7A4F7556}") = "ActionPoint", "ActionPoint\ActionPoint.csproj", "{A54ADB74-EF93-4BCF-AA8D-EF4DA26AEC78}"
EndProject
Project("{9A19103F-16F7-4668-BE54-9A1E7A4F7556}") = "KnightsOfHonor", "KnightsOfHonor\KnightsOfHonor.csproj", "{74DFA36F-61B8-4684-B86D-C61E516761C9}"
EndProject
Project("{9A19103F-16F7-4668-BE54-9A1E7A4F7556}") = "CustomMinFunction", "CustomMinFunction\CustomMinFunction.csproj", "{A28CDD57-98EB-4715-BA73-4E51801610BC}"
EndProject
Project("{9A19103F-16F7-4668-BE54-9A1E7A4F7556}") = "FindEvensOrOdds", "FindEvensOrOdds\FindEvensOrOdds.csproj", "{0935A4C5-4F95-4D4C-A5AB-2D125F78FB90}"
EndProject
Project("{9A19103F-16F7-4668-BE54-9A1E7A4F7556}") = "AppliedArithmetics", "AppliedArithmetics\AppliedArithmetics.csproj", "{290735EF-9FA8-482F-AFBF-045F9D0D93CB}"
EndProject
Project("{9A19103F-16F7-4668-BE54-9A1E7A4F7556}") = "ReverseAndExclude", "ReverseAndExclude\ReverseAndExclude.csproj", "{333F383F-A4CF-4AFE-89F8-37AE66658CDB}"
EndProject
Project("{9A19103F-16F7-4668-BE54-9A1E7A4F7556}") = "PredicateForNames", "PredicateForNames\PredicateForNames.csproj", "{6E3C9375-CC94-4A56-A395-B3E9499BFC7C}"
EndProject
Project("{9A19103F-16F7-4668-BE54-9A1E7A4F7556}") = "ListOfPredicates", "ListOfPredicates\ListOfPredicates.csproj", "{1A8EAC27-7397-4B66-9A27-4CB9CFB3BB58}"
EndProject
Project("{9A19103F-16F7-4668-BE54-9A1E7A4F7556}") = "PredicateParty", "PredicateParty\PredicateParty.csproj", "{4238A625-D807-46F2-A494-FF225FD4CD92}"
EndProject
Project("{9A19103F-16F7-4668-BE54-9A1E7A4F7556}") = "ThePartyReservationFilterModule", "ThePartyReservationFilterModule\ThePartyReservationFilterModule.csproj", "{0AE0DAC9-CD20-4FDA-AABC-11E18A563459}"
EndProject
Project("{2150E333-8FDC-42A3-9474-1A3956D46DE8}") = "Generics", "Generics", "{684B7E91-F5F6-4BBA-BDCC-AD89E2578C53}"
EndProject
Project("{FAE04EC0-301F-11D3-BF4B-00C04F79EFBC}") = "GenericBox", "GenericBox\GenericBox.csproj", "{63B11C07-E5B7-4B8C-B21A-685E4B3DA773}"
EndProject
Project("{FAE04EC0-301F-11D3-BF4B-00C04F79EFBC}") = "GenericSwap", "GenericSwap\GenericSwap.csproj", "{07C04A21-EFE3-49E2-9652-4B20917E49D4}"
EndProject
Project("{FAE04EC0-301F-11D3-BF4B-00C04F79EFBC}") = "GenericCount", "GenericCount\GenericCount.csproj", "{74E1351F-1AF2-49F1-803F-C1EE24DF0030}"
EndProject
Project("{FAE04EC0-301F-11D3-BF4B-00C04F79EFBC}") = "TupleEx", "TupleEx\TupleEx.csproj", "{9013494D-46C1-4340-8D31-9E42505A4ED1}"
EndProject
Project("{FAE04EC0-301F-11D3-BF4B-00C04F79EFBC}") = "Threeuple", "Threeuple\Threeuple.csproj", "{C79A1AAB-0FEF-4A62-BAE3-F69B582C5376}"
EndProject
Global
	GlobalSection(SolutionConfigurationPlatforms) = preSolution
		Debug|Any CPU = Debug|Any CPU
		Release|Any CPU = Release|Any CPU
	EndGlobalSection
	GlobalSection(ProjectConfigurationPlatforms) = postSolution
		{53D5B916-E8ED-4E09-BF89-0E351F1C2C3C}.Debug|Any CPU.ActiveCfg = Debug|Any CPU
		{53D5B916-E8ED-4E09-BF89-0E351F1C2C3C}.Debug|Any CPU.Build.0 = Debug|Any CPU
		{53D5B916-E8ED-4E09-BF89-0E351F1C2C3C}.Release|Any CPU.ActiveCfg = Release|Any CPU
		{53D5B916-E8ED-4E09-BF89-0E351F1C2C3C}.Release|Any CPU.Build.0 = Release|Any CPU
		{E057B872-2D37-4530-9BCF-991B4CA56D22}.Debug|Any CPU.ActiveCfg = Debug|Any CPU
		{E057B872-2D37-4530-9BCF-991B4CA56D22}.Debug|Any CPU.Build.0 = Debug|Any CPU
		{E057B872-2D37-4530-9BCF-991B4CA56D22}.Release|Any CPU.ActiveCfg = Release|Any CPU
		{E057B872-2D37-4530-9BCF-991B4CA56D22}.Release|Any CPU.Build.0 = Release|Any CPU
		{A290C8D4-FEA6-4CB0-AA7B-3561CC5073D7}.Debug|Any CPU.ActiveCfg = Debug|Any CPU
		{A290C8D4-FEA6-4CB0-AA7B-3561CC5073D7}.Debug|Any CPU.Build.0 = Debug|Any CPU
		{A290C8D4-FEA6-4CB0-AA7B-3561CC5073D7}.Release|Any CPU.ActiveCfg = Release|Any CPU
		{A290C8D4-FEA6-4CB0-AA7B-3561CC5073D7}.Release|Any CPU.Build.0 = Release|Any CPU
		{9B90DB31-19D5-40CA-A48F-83959E7EDDA1}.Debug|Any CPU.ActiveCfg = Debug|Any CPU
		{9B90DB31-19D5-40CA-A48F-83959E7EDDA1}.Debug|Any CPU.Build.0 = Debug|Any CPU
		{9B90DB31-19D5-40CA-A48F-83959E7EDDA1}.Release|Any CPU.ActiveCfg = Release|Any CPU
		{9B90DB31-19D5-40CA-A48F-83959E7EDDA1}.Release|Any CPU.Build.0 = Release|Any CPU
		{6EE86CAF-C995-4B4E-8ED7-CE460A0931C1}.Debug|Any CPU.ActiveCfg = Debug|Any CPU
		{6EE86CAF-C995-4B4E-8ED7-CE460A0931C1}.Debug|Any CPU.Build.0 = Debug|Any CPU
		{6EE86CAF-C995-4B4E-8ED7-CE460A0931C1}.Release|Any CPU.ActiveCfg = Release|Any CPU
		{6EE86CAF-C995-4B4E-8ED7-CE460A0931C1}.Release|Any CPU.Build.0 = Release|Any CPU
		{9FDAA681-C8E4-43FE-8CEF-30D5C34C8FF5}.Debug|Any CPU.ActiveCfg = Debug|Any CPU
		{9FDAA681-C8E4-43FE-8CEF-30D5C34C8FF5}.Debug|Any CPU.Build.0 = Debug|Any CPU
		{9FDAA681-C8E4-43FE-8CEF-30D5C34C8FF5}.Release|Any CPU.ActiveCfg = Release|Any CPU
		{9FDAA681-C8E4-43FE-8CEF-30D5C34C8FF5}.Release|Any CPU.Build.0 = Release|Any CPU
		{4B75D2A5-D4FA-48BA-9902-F3FBFE90B979}.Debug|Any CPU.ActiveCfg = Debug|Any CPU
		{4B75D2A5-D4FA-48BA-9902-F3FBFE90B979}.Debug|Any CPU.Build.0 = Debug|Any CPU
		{4B75D2A5-D4FA-48BA-9902-F3FBFE90B979}.Release|Any CPU.ActiveCfg = Release|Any CPU
		{4B75D2A5-D4FA-48BA-9902-F3FBFE90B979}.Release|Any CPU.Build.0 = Release|Any CPU
		{A582BC4E-C18F-42A3-8941-D5330787AE65}.Debug|Any CPU.ActiveCfg = Debug|Any CPU
		{A582BC4E-C18F-42A3-8941-D5330787AE65}.Debug|Any CPU.Build.0 = Debug|Any CPU
		{A582BC4E-C18F-42A3-8941-D5330787AE65}.Release|Any CPU.ActiveCfg = Release|Any CPU
		{A582BC4E-C18F-42A3-8941-D5330787AE65}.Release|Any CPU.Build.0 = Release|Any CPU
		{100E5351-A809-4A72-B480-14CBB83ABD3F}.Debug|Any CPU.ActiveCfg = Debug|Any CPU
		{100E5351-A809-4A72-B480-14CBB83ABD3F}.Debug|Any CPU.Build.0 = Debug|Any CPU
		{100E5351-A809-4A72-B480-14CBB83ABD3F}.Release|Any CPU.ActiveCfg = Release|Any CPU
		{100E5351-A809-4A72-B480-14CBB83ABD3F}.Release|Any CPU.Build.0 = Release|Any CPU
		{F7C09EF9-5D99-40E9-B26E-9F5F7E0A05D4}.Debug|Any CPU.ActiveCfg = Debug|Any CPU
		{F7C09EF9-5D99-40E9-B26E-9F5F7E0A05D4}.Debug|Any CPU.Build.0 = Debug|Any CPU
		{F7C09EF9-5D99-40E9-B26E-9F5F7E0A05D4}.Release|Any CPU.ActiveCfg = Release|Any CPU
		{F7C09EF9-5D99-40E9-B26E-9F5F7E0A05D4}.Release|Any CPU.Build.0 = Release|Any CPU
		{E46E6986-48BF-4D82-B404-0899D1A12FD8}.Debug|Any CPU.ActiveCfg = Debug|Any CPU
		{E46E6986-48BF-4D82-B404-0899D1A12FD8}.Debug|Any CPU.Build.0 = Debug|Any CPU
		{E46E6986-48BF-4D82-B404-0899D1A12FD8}.Release|Any CPU.ActiveCfg = Release|Any CPU
		{E46E6986-48BF-4D82-B404-0899D1A12FD8}.Release|Any CPU.Build.0 = Release|Any CPU
		{72CC99EC-8DEA-44DF-9A63-4A387BAAD0C5}.Debug|Any CPU.ActiveCfg = Debug|Any CPU
		{72CC99EC-8DEA-44DF-9A63-4A387BAAD0C5}.Debug|Any CPU.Build.0 = Debug|Any CPU
		{72CC99EC-8DEA-44DF-9A63-4A387BAAD0C5}.Release|Any CPU.ActiveCfg = Release|Any CPU
		{72CC99EC-8DEA-44DF-9A63-4A387BAAD0C5}.Release|Any CPU.Build.0 = Release|Any CPU
		{C15397FC-7BF1-4F39-8715-2446FCBC508E}.Debug|Any CPU.ActiveCfg = Debug|Any CPU
		{C15397FC-7BF1-4F39-8715-2446FCBC508E}.Debug|Any CPU.Build.0 = Debug|Any CPU
		{C15397FC-7BF1-4F39-8715-2446FCBC508E}.Release|Any CPU.ActiveCfg = Release|Any CPU
		{C15397FC-7BF1-4F39-8715-2446FCBC508E}.Release|Any CPU.Build.0 = Release|Any CPU
		{D96DDBF7-FB1E-4723-857D-5CA5FACD47B6}.Debug|Any CPU.ActiveCfg = Debug|Any CPU
		{D96DDBF7-FB1E-4723-857D-5CA5FACD47B6}.Debug|Any CPU.Build.0 = Debug|Any CPU
		{D96DDBF7-FB1E-4723-857D-5CA5FACD47B6}.Release|Any CPU.ActiveCfg = Release|Any CPU
		{D96DDBF7-FB1E-4723-857D-5CA5FACD47B6}.Release|Any CPU.Build.0 = Release|Any CPU
		{09336D34-8B14-41F5-A6B5-AC25557E7388}.Debug|Any CPU.ActiveCfg = Debug|Any CPU
		{09336D34-8B14-41F5-A6B5-AC25557E7388}.Debug|Any CPU.Build.0 = Debug|Any CPU
		{09336D34-8B14-41F5-A6B5-AC25557E7388}.Release|Any CPU.ActiveCfg = Release|Any CPU
		{09336D34-8B14-41F5-A6B5-AC25557E7388}.Release|Any CPU.Build.0 = Release|Any CPU
		{78B8F2C6-29C1-4792-A7EC-C196F79A69DC}.Debug|Any CPU.ActiveCfg = Debug|Any CPU
		{78B8F2C6-29C1-4792-A7EC-C196F79A69DC}.Debug|Any CPU.Build.0 = Debug|Any CPU
		{78B8F2C6-29C1-4792-A7EC-C196F79A69DC}.Release|Any CPU.ActiveCfg = Release|Any CPU
		{78B8F2C6-29C1-4792-A7EC-C196F79A69DC}.Release|Any CPU.Build.0 = Release|Any CPU
		{B362B6C1-BEB8-4303-8899-5EC835C5047C}.Debug|Any CPU.ActiveCfg = Debug|Any CPU
		{B362B6C1-BEB8-4303-8899-5EC835C5047C}.Debug|Any CPU.Build.0 = Debug|Any CPU
		{B362B6C1-BEB8-4303-8899-5EC835C5047C}.Release|Any CPU.ActiveCfg = Release|Any CPU
		{B362B6C1-BEB8-4303-8899-5EC835C5047C}.Release|Any CPU.Build.0 = Release|Any CPU
		{5A4DCB62-3FB3-4313-9DEE-8E7A110784A2}.Debug|Any CPU.ActiveCfg = Debug|Any CPU
		{5A4DCB62-3FB3-4313-9DEE-8E7A110784A2}.Debug|Any CPU.Build.0 = Debug|Any CPU
		{5A4DCB62-3FB3-4313-9DEE-8E7A110784A2}.Release|Any CPU.ActiveCfg = Release|Any CPU
		{5A4DCB62-3FB3-4313-9DEE-8E7A110784A2}.Release|Any CPU.Build.0 = Release|Any CPU
		{1C870DFA-AC1D-414A-B45D-85695251EC19}.Debug|Any CPU.ActiveCfg = Debug|Any CPU
		{1C870DFA-AC1D-414A-B45D-85695251EC19}.Debug|Any CPU.Build.0 = Debug|Any CPU
		{1C870DFA-AC1D-414A-B45D-85695251EC19}.Release|Any CPU.ActiveCfg = Release|Any CPU
		{1C870DFA-AC1D-414A-B45D-85695251EC19}.Release|Any CPU.Build.0 = Release|Any CPU
		{39D022B5-F9B9-4332-A86A-95073E2B1867}.Debug|Any CPU.ActiveCfg = Debug|Any CPU
		{39D022B5-F9B9-4332-A86A-95073E2B1867}.Debug|Any CPU.Build.0 = Debug|Any CPU
		{39D022B5-F9B9-4332-A86A-95073E2B1867}.Release|Any CPU.ActiveCfg = Release|Any CPU
		{39D022B5-F9B9-4332-A86A-95073E2B1867}.Release|Any CPU.Build.0 = Release|Any CPU
		{F552BCC9-965F-4A0E-A466-9A0238DC09E9}.Debug|Any CPU.ActiveCfg = Debug|Any CPU
		{F552BCC9-965F-4A0E-A466-9A0238DC09E9}.Debug|Any CPU.Build.0 = Debug|Any CPU
		{F552BCC9-965F-4A0E-A466-9A0238DC09E9}.Release|Any CPU.ActiveCfg = Release|Any CPU
		{F552BCC9-965F-4A0E-A466-9A0238DC09E9}.Release|Any CPU.Build.0 = Release|Any CPU
		{9D13240F-3680-49FC-BD7B-4C43B838EAEC}.Debug|Any CPU.ActiveCfg = Debug|Any CPU
		{9D13240F-3680-49FC-BD7B-4C43B838EAEC}.Debug|Any CPU.Build.0 = Debug|Any CPU
		{9D13240F-3680-49FC-BD7B-4C43B838EAEC}.Release|Any CPU.ActiveCfg = Release|Any CPU
		{9D13240F-3680-49FC-BD7B-4C43B838EAEC}.Release|Any CPU.Build.0 = Release|Any CPU
		{3B404AA7-C7E7-4B82-BD20-C6A6606D4995}.Debug|Any CPU.ActiveCfg = Debug|Any CPU
		{3B404AA7-C7E7-4B82-BD20-C6A6606D4995}.Debug|Any CPU.Build.0 = Debug|Any CPU
		{3B404AA7-C7E7-4B82-BD20-C6A6606D4995}.Release|Any CPU.ActiveCfg = Release|Any CPU
		{3B404AA7-C7E7-4B82-BD20-C6A6606D4995}.Release|Any CPU.Build.0 = Release|Any CPU
		{9052D355-526D-4886-823D-5F9DDB1B0CD4}.Debug|Any CPU.ActiveCfg = Debug|Any CPU
		{9052D355-526D-4886-823D-5F9DDB1B0CD4}.Debug|Any CPU.Build.0 = Debug|Any CPU
		{9052D355-526D-4886-823D-5F9DDB1B0CD4}.Release|Any CPU.ActiveCfg = Release|Any CPU
		{9052D355-526D-4886-823D-5F9DDB1B0CD4}.Release|Any CPU.Build.0 = Release|Any CPU
		{D6BC5F1B-4531-4883-8BBA-F14DA1EE23EB}.Debug|Any CPU.ActiveCfg = Debug|Any CPU
		{D6BC5F1B-4531-4883-8BBA-F14DA1EE23EB}.Debug|Any CPU.Build.0 = Debug|Any CPU
		{D6BC5F1B-4531-4883-8BBA-F14DA1EE23EB}.Release|Any CPU.ActiveCfg = Release|Any CPU
		{D6BC5F1B-4531-4883-8BBA-F14DA1EE23EB}.Release|Any CPU.Build.0 = Release|Any CPU
		{A54ADB74-EF93-4BCF-AA8D-EF4DA26AEC78}.Debug|Any CPU.ActiveCfg = Debug|Any CPU
		{A54ADB74-EF93-4BCF-AA8D-EF4DA26AEC78}.Debug|Any CPU.Build.0 = Debug|Any CPU
		{A54ADB74-EF93-4BCF-AA8D-EF4DA26AEC78}.Release|Any CPU.ActiveCfg = Release|Any CPU
		{A54ADB74-EF93-4BCF-AA8D-EF4DA26AEC78}.Release|Any CPU.Build.0 = Release|Any CPU
		{74DFA36F-61B8-4684-B86D-C61E516761C9}.Debug|Any CPU.ActiveCfg = Debug|Any CPU
		{74DFA36F-61B8-4684-B86D-C61E516761C9}.Debug|Any CPU.Build.0 = Debug|Any CPU
		{74DFA36F-61B8-4684-B86D-C61E516761C9}.Release|Any CPU.ActiveCfg = Release|Any CPU
		{74DFA36F-61B8-4684-B86D-C61E516761C9}.Release|Any CPU.Build.0 = Release|Any CPU
		{A28CDD57-98EB-4715-BA73-4E51801610BC}.Debug|Any CPU.ActiveCfg = Debug|Any CPU
		{A28CDD57-98EB-4715-BA73-4E51801610BC}.Debug|Any CPU.Build.0 = Debug|Any CPU
		{A28CDD57-98EB-4715-BA73-4E51801610BC}.Release|Any CPU.ActiveCfg = Release|Any CPU
		{A28CDD57-98EB-4715-BA73-4E51801610BC}.Release|Any CPU.Build.0 = Release|Any CPU
		{0935A4C5-4F95-4D4C-A5AB-2D125F78FB90}.Debug|Any CPU.ActiveCfg = Debug|Any CPU
		{0935A4C5-4F95-4D4C-A5AB-2D125F78FB90}.Debug|Any CPU.Build.0 = Debug|Any CPU
		{0935A4C5-4F95-4D4C-A5AB-2D125F78FB90}.Release|Any CPU.ActiveCfg = Release|Any CPU
		{0935A4C5-4F95-4D4C-A5AB-2D125F78FB90}.Release|Any CPU.Build.0 = Release|Any CPU
		{290735EF-9FA8-482F-AFBF-045F9D0D93CB}.Debug|Any CPU.ActiveCfg = Debug|Any CPU
		{290735EF-9FA8-482F-AFBF-045F9D0D93CB}.Debug|Any CPU.Build.0 = Debug|Any CPU
		{290735EF-9FA8-482F-AFBF-045F9D0D93CB}.Release|Any CPU.ActiveCfg = Release|Any CPU
		{290735EF-9FA8-482F-AFBF-045F9D0D93CB}.Release|Any CPU.Build.0 = Release|Any CPU
		{333F383F-A4CF-4AFE-89F8-37AE66658CDB}.Debug|Any CPU.ActiveCfg = Debug|Any CPU
		{333F383F-A4CF-4AFE-89F8-37AE66658CDB}.Debug|Any CPU.Build.0 = Debug|Any CPU
		{333F383F-A4CF-4AFE-89F8-37AE66658CDB}.Release|Any CPU.ActiveCfg = Release|Any CPU
		{333F383F-A4CF-4AFE-89F8-37AE66658CDB}.Release|Any CPU.Build.0 = Release|Any CPU
		{6E3C9375-CC94-4A56-A395-B3E9499BFC7C}.Debug|Any CPU.ActiveCfg = Debug|Any CPU
		{6E3C9375-CC94-4A56-A395-B3E9499BFC7C}.Debug|Any CPU.Build.0 = Debug|Any CPU
		{6E3C9375-CC94-4A56-A395-B3E9499BFC7C}.Release|Any CPU.ActiveCfg = Release|Any CPU
		{6E3C9375-CC94-4A56-A395-B3E9499BFC7C}.Release|Any CPU.Build.0 = Release|Any CPU
		{1A8EAC27-7397-4B66-9A27-4CB9CFB3BB58}.Debug|Any CPU.ActiveCfg = Debug|Any CPU
		{1A8EAC27-7397-4B66-9A27-4CB9CFB3BB58}.Debug|Any CPU.Build.0 = Debug|Any CPU
		{1A8EAC27-7397-4B66-9A27-4CB9CFB3BB58}.Release|Any CPU.ActiveCfg = Release|Any CPU
		{1A8EAC27-7397-4B66-9A27-4CB9CFB3BB58}.Release|Any CPU.Build.0 = Release|Any CPU
		{4238A625-D807-46F2-A494-FF225FD4CD92}.Debug|Any CPU.ActiveCfg = Debug|Any CPU
		{4238A625-D807-46F2-A494-FF225FD4CD92}.Debug|Any CPU.Build.0 = Debug|Any CPU
		{4238A625-D807-46F2-A494-FF225FD4CD92}.Release|Any CPU.ActiveCfg = Release|Any CPU
		{4238A625-D807-46F2-A494-FF225FD4CD92}.Release|Any CPU.Build.0 = Release|Any CPU
		{0AE0DAC9-CD20-4FDA-AABC-11E18A563459}.Debug|Any CPU.ActiveCfg = Debug|Any CPU
		{0AE0DAC9-CD20-4FDA-AABC-11E18A563459}.Debug|Any CPU.Build.0 = Debug|Any CPU
		{0AE0DAC9-CD20-4FDA-AABC-11E18A563459}.Release|Any CPU.ActiveCfg = Release|Any CPU
		{0AE0DAC9-CD20-4FDA-AABC-11E18A563459}.Release|Any CPU.Build.0 = Release|Any CPU
		{63B11C07-E5B7-4B8C-B21A-685E4B3DA773}.Debug|Any CPU.ActiveCfg = Debug|Any CPU
		{63B11C07-E5B7-4B8C-B21A-685E4B3DA773}.Debug|Any CPU.Build.0 = Debug|Any CPU
		{63B11C07-E5B7-4B8C-B21A-685E4B3DA773}.Release|Any CPU.ActiveCfg = Release|Any CPU
		{63B11C07-E5B7-4B8C-B21A-685E4B3DA773}.Release|Any CPU.Build.0 = Release|Any CPU
		{07C04A21-EFE3-49E2-9652-4B20917E49D4}.Debug|Any CPU.ActiveCfg = Debug|Any CPU
		{07C04A21-EFE3-49E2-9652-4B20917E49D4}.Debug|Any CPU.Build.0 = Debug|Any CPU
		{07C04A21-EFE3-49E2-9652-4B20917E49D4}.Release|Any CPU.ActiveCfg = Release|Any CPU
		{07C04A21-EFE3-49E2-9652-4B20917E49D4}.Release|Any CPU.Build.0 = Release|Any CPU
		{74E1351F-1AF2-49F1-803F-C1EE24DF0030}.Debug|Any CPU.ActiveCfg = Debug|Any CPU
		{74E1351F-1AF2-49F1-803F-C1EE24DF0030}.Debug|Any CPU.Build.0 = Debug|Any CPU
		{74E1351F-1AF2-49F1-803F-C1EE24DF0030}.Release|Any CPU.ActiveCfg = Release|Any CPU
		{74E1351F-1AF2-49F1-803F-C1EE24DF0030}.Release|Any CPU.Build.0 = Release|Any CPU
		{9013494D-46C1-4340-8D31-9E42505A4ED1}.Debug|Any CPU.ActiveCfg = Debug|Any CPU
		{9013494D-46C1-4340-8D31-9E42505A4ED1}.Debug|Any CPU.Build.0 = Debug|Any CPU
		{9013494D-46C1-4340-8D31-9E42505A4ED1}.Release|Any CPU.ActiveCfg = Release|Any CPU
		{9013494D-46C1-4340-8D31-9E42505A4ED1}.Release|Any CPU.Build.0 = Release|Any CPU
		{C79A1AAB-0FEF-4A62-BAE3-F69B582C5376}.Debug|Any CPU.ActiveCfg = Debug|Any CPU
		{C79A1AAB-0FEF-4A62-BAE3-F69B582C5376}.Debug|Any CPU.Build.0 = Debug|Any CPU
		{C79A1AAB-0FEF-4A62-BAE3-F69B582C5376}.Release|Any CPU.ActiveCfg = Release|Any CPU
		{C79A1AAB-0FEF-4A62-BAE3-F69B582C5376}.Release|Any CPU.Build.0 = Release|Any CPU
	EndGlobalSection
	GlobalSection(SolutionProperties) = preSolution
		HideSolutionNode = FALSE
	EndGlobalSection
	GlobalSection(NestedProjects) = preSolution
		{09336D34-8B14-41F5-A6B5-AC25557E7388} = {DC64DFEC-1E08-47F0-9109-80C4054DA0BD}
		{78B8F2C6-29C1-4792-A7EC-C196F79A69DC} = {DC64DFEC-1E08-47F0-9109-80C4054DA0BD}
		{B362B6C1-BEB8-4303-8899-5EC835C5047C} = {DC64DFEC-1E08-47F0-9109-80C4054DA0BD}
		{5A4DCB62-3FB3-4313-9DEE-8E7A110784A2} = {DC64DFEC-1E08-47F0-9109-80C4054DA0BD}
		{1C870DFA-AC1D-414A-B45D-85695251EC19} = {DC64DFEC-1E08-47F0-9109-80C4054DA0BD}
		{39D022B5-F9B9-4332-A86A-95073E2B1867} = {DC64DFEC-1E08-47F0-9109-80C4054DA0BD}
		{F552BCC9-965F-4A0E-A466-9A0238DC09E9} = {DC64DFEC-1E08-47F0-9109-80C4054DA0BD}
		{9D13240F-3680-49FC-BD7B-4C43B838EAEC} = {DC64DFEC-1E08-47F0-9109-80C4054DA0BD}
		{3B404AA7-C7E7-4B82-BD20-C6A6606D4995} = {0AC8940F-A78C-409E-A1CF-4408D0099DFF}
		{9052D355-526D-4886-823D-5F9DDB1B0CD4} = {0AC8940F-A78C-409E-A1CF-4408D0099DFF}
		{D6BC5F1B-4531-4883-8BBA-F14DA1EE23EB} = {0AC8940F-A78C-409E-A1CF-4408D0099DFF}
		{A54ADB74-EF93-4BCF-AA8D-EF4DA26AEC78} = {7DF87FC6-002A-4197-861D-FDB512941588}
		{74DFA36F-61B8-4684-B86D-C61E516761C9} = {7DF87FC6-002A-4197-861D-FDB512941588}
		{A28CDD57-98EB-4715-BA73-4E51801610BC} = {7DF87FC6-002A-4197-861D-FDB512941588}
		{0935A4C5-4F95-4D4C-A5AB-2D125F78FB90} = {7DF87FC6-002A-4197-861D-FDB512941588}
		{290735EF-9FA8-482F-AFBF-045F9D0D93CB} = {7DF87FC6-002A-4197-861D-FDB512941588}
		{333F383F-A4CF-4AFE-89F8-37AE66658CDB} = {7DF87FC6-002A-4197-861D-FDB512941588}
		{6E3C9375-CC94-4A56-A395-B3E9499BFC7C} = {7DF87FC6-002A-4197-861D-FDB512941588}
		{1A8EAC27-7397-4B66-9A27-4CB9CFB3BB58} = {7DF87FC6-002A-4197-861D-FDB512941588}
		{4238A625-D807-46F2-A494-FF225FD4CD92} = {7DF87FC6-002A-4197-861D-FDB512941588}
		{0AE0DAC9-CD20-4FDA-AABC-11E18A563459} = {7DF87FC6-002A-4197-861D-FDB512941588}
		{63B11C07-E5B7-4B8C-B21A-685E4B3DA773} = {684B7E91-F5F6-4BBA-BDCC-AD89E2578C53}
		{07C04A21-EFE3-49E2-9652-4B20917E49D4} = {684B7E91-F5F6-4BBA-BDCC-AD89E2578C53}
		{74E1351F-1AF2-49F1-803F-C1EE24DF0030} = {684B7E91-F5F6-4BBA-BDCC-AD89E2578C53}
		{9013494D-46C1-4340-8D31-9E42505A4ED1} = {684B7E91-F5F6-4BBA-BDCC-AD89E2578C53}
		{C79A1AAB-0FEF-4A62-BAE3-F69B582C5376} = {684B7E91-F5F6-4BBA-BDCC-AD89E2578C53}
	EndGlobalSection
	GlobalSection(ExtensibilityGlobals) = postSolution
		SolutionGuid = {984C69ED-1D57-48E7-A9FE-7E717EF0C743}
	EndGlobalSection
EndGlobal
