
Microsoft Visual Studio Solution File, Format Version 12.00
# Visual Studio Version 16
VisualStudioVersion = 16.0.31005.135
MinimumVisualStudioVersion = 10.0.40219.1
Project("{9A19103F-16F7-4668-BE54-9A1E7A4F7556}") = "Animals", "Animals\Animals.csproj", "{53D5B916-E8ED-4E09-BF89-0E351F1C2C3C}"
EndProject
Project("{9A19103F-16F7-4668-BE54-9A1E7A4F7556}") = "Person", "Person\Person.csproj", "{E057B872-2D37-4530-9BCF-991B4CA56D22}"
EndProject
Project("{9A19103F-16F7-4668-BE54-9A1E7A4F7556}") = "Zoo", "Zoo\Zoo.csproj", "{A290C8D4-FEA6-4CB0-AA7B-3561CC5073D7}"
EndProject
Project("{9A19103F-16F7-4668-BE54-9A1E7A4F7556}") = "PlayersAndMonsters", "PlayersAndMonsters\PlayersAndMonsters.csproj", "{9B90DB31-19D5-40CA-A48F-83959E7EDDA1}"
EndProject
Project("{9A19103F-16F7-4668-BE54-9A1E7A4F7556}") = "NeedForSpeed", "NeedForSpeed\NeedForSpeed.csproj", "{6EE86CAF-C995-4B4E-8ED7-CE460A0931C1}"
EndProject
Project("{9A19103F-16F7-4668-BE54-9A1E7A4F7556}") = "Restaurant", "Restaurant\Restaurant.csproj", "{9FDAA681-C8E4-43FE-8CEF-30D5C34C8FF5}"
EndProject
Project("{9A19103F-16F7-4668-BE54-9A1E7A4F7556}") = "Farm", "Farm\Farm.csproj", "{4B75D2A5-D4FA-48BA-9902-F3FBFE90B979}"
EndProject
Project("{9A19103F-16F7-4668-BE54-9A1E7A4F7556}") = "CustomRandomList", "CustomRandomList\CustomRandomList.csproj", "{A582BC4E-C18F-42A3-8941-D5330787AE65}"
EndProject
Project("{9A19103F-16F7-4668-BE54-9A1E7A4F7556}") = "ClassBoxData", "ClassBoxData\ClassBoxData.csproj", "{100E5351-A809-4A72-B480-14CBB83ABD3F}"
EndProject
Project("{9A19103F-16F7-4668-BE54-9A1E7A4F7556}") = "AnimalFarm", "AnimalFarm\AnimalFarm.csproj", "{F7C09EF9-5D99-40E9-B26E-9F5F7E0A05D4}"
EndProject
Project("{FAE04EC0-301F-11D3-BF4B-00C04F79EFBC}") = "ShoppingSpree", "ShoppingSpree\ShoppingSpree.csproj", "{E46E6986-48BF-4D82-B404-0899D1A12FD8}"
EndProject
Project("{FAE04EC0-301F-11D3-BF4B-00C04F79EFBC}") = "PizzaCalories", "PizzaCalories\PizzaCalories.csproj", "{72CC99EC-8DEA-44DF-9A63-4A387BAAD0C5}"
EndProject
Project("{FAE04EC0-301F-11D3-BF4B-00C04F79EFBC}") = "CustomStack", "CustomStack\CustomStack.csproj", "{C15397FC-7BF1-4F39-8715-2446FCBC508E}"
EndProject
Global
	GlobalSection(SolutionConfigurationPlatforms) = preSolution
		Debug|Any CPU = Debug|Any CPU
		Release|Any CPU = Release|Any CPU
	EndGlobalSection
	GlobalSection(ProjectConfigurationPlatforms) = postSolution
		{53D5B916-E8ED-4E09-BF89-0E351F1C2C3C}.Debug|Any CPU.ActiveCfg = Debug|Any CPU
		{53D5B916-E8ED-4E09-BF89-0E351F1C2C3C}.Debug|Any CPU.Build.0 = Debug|Any CPU
		{53D5B916-E8ED-4E09-BF89-0E351F1C2C3C}.Release|Any CPU.ActiveCfg = Release|Any CPU
		{53D5B916-E8ED-4E09-BF89-0E351F1C2C3C}.Release|Any CPU.Build.0 = Release|Any CPU
		{E057B872-2D37-4530-9BCF-991B4CA56D22}.Debug|Any CPU.ActiveCfg = Debug|Any CPU
		{E057B872-2D37-4530-9BCF-991B4CA56D22}.Debug|Any CPU.Build.0 = Debug|Any CPU
		{E057B872-2D37-4530-9BCF-991B4CA56D22}.Release|Any CPU.ActiveCfg = Release|Any CPU
		{E057B872-2D37-4530-9BCF-991B4CA56D22}.Release|Any CPU.Build.0 = Release|Any CPU
		{A290C8D4-FEA6-4CB0-AA7B-3561CC5073D7}.Debug|Any CPU.ActiveCfg = Debug|Any CPU
		{A290C8D4-FEA6-4CB0-AA7B-3561CC5073D7}.Debug|Any CPU.Build.0 = Debug|Any CPU
		{A290C8D4-FEA6-4CB0-AA7B-3561CC5073D7}.Release|Any CPU.ActiveCfg = Release|Any CPU
		{A290C8D4-FEA6-4CB0-AA7B-3561CC5073D7}.Release|Any CPU.Build.0 = Release|Any CPU
		{9B90DB31-19D5-40CA-A48F-83959E7EDDA1}.Debug|Any CPU.ActiveCfg = Debug|Any CPU
		{9B90DB31-19D5-40CA-A48F-83959E7EDDA1}.Debug|Any CPU.Build.0 = Debug|Any CPU
		{9B90DB31-19D5-40CA-A48F-83959E7EDDA1}.Release|Any CPU.ActiveCfg = Release|Any CPU
		{9B90DB31-19D5-40CA-A48F-83959E7EDDA1}.Release|Any CPU.Build.0 = Release|Any CPU
		{6EE86CAF-C995-4B4E-8ED7-CE460A0931C1}.Debug|Any CPU.ActiveCfg = Debug|Any CPU
		{6EE86CAF-C995-4B4E-8ED7-CE460A0931C1}.Debug|Any CPU.Build.0 = Debug|Any CPU
		{6EE86CAF-C995-4B4E-8ED7-CE460A0931C1}.Release|Any CPU.ActiveCfg = Release|Any CPU
		{6EE86CAF-C995-4B4E-8ED7-CE460A0931C1}.Release|Any CPU.Build.0 = Release|Any CPU
		{9FDAA681-C8E4-43FE-8CEF-30D5C34C8FF5}.Debug|Any CPU.ActiveCfg = Debug|Any CPU
		{9FDAA681-C8E4-43FE-8CEF-30D5C34C8FF5}.Debug|Any CPU.Build.0 = Debug|Any CPU
		{9FDAA681-C8E4-43FE-8CEF-30D5C34C8FF5}.Release|Any CPU.ActiveCfg = Release|Any CPU
		{9FDAA681-C8E4-43FE-8CEF-30D5C34C8FF5}.Release|Any CPU.Build.0 = Release|Any CPU
		{4B75D2A5-D4FA-48BA-9902-F3FBFE90B979}.Debug|Any CPU.ActiveCfg = Debug|Any CPU
		{4B75D2A5-D4FA-48BA-9902-F3FBFE90B979}.Debug|Any CPU.Build.0 = Debug|Any CPU
		{4B75D2A5-D4FA-48BA-9902-F3FBFE90B979}.Release|Any CPU.ActiveCfg = Release|Any CPU
		{4B75D2A5-D4FA-48BA-9902-F3FBFE90B979}.Release|Any CPU.Build.0 = Release|Any CPU
		{A582BC4E-C18F-42A3-8941-D5330787AE65}.Debug|Any CPU.ActiveCfg = Debug|Any CPU
		{A582BC4E-C18F-42A3-8941-D5330787AE65}.Debug|Any CPU.Build.0 = Debug|Any CPU
		{A582BC4E-C18F-42A3-8941-D5330787AE65}.Release|Any CPU.ActiveCfg = Release|Any CPU
		{A582BC4E-C18F-42A3-8941-D5330787AE65}.Release|Any CPU.Build.0 = Release|Any CPU
		{100E5351-A809-4A72-B480-14CBB83ABD3F}.Debug|Any CPU.ActiveCfg = Debug|Any CPU
		{100E5351-A809-4A72-B480-14CBB83ABD3F}.Debug|Any CPU.Build.0 = Debug|Any CPU
		{100E5351-A809-4A72-B480-14CBB83ABD3F}.Release|Any CPU.ActiveCfg = Release|Any CPU
		{100E5351-A809-4A72-B480-14CBB83ABD3F}.Release|Any CPU.Build.0 = Release|Any CPU
		{F7C09EF9-5D99-40E9-B26E-9F5F7E0A05D4}.Debug|Any CPU.ActiveCfg = Debug|Any CPU
		{F7C09EF9-5D99-40E9-B26E-9F5F7E0A05D4}.Debug|Any CPU.Build.0 = Debug|Any CPU
		{F7C09EF9-5D99-40E9-B26E-9F5F7E0A05D4}.Release|Any CPU.ActiveCfg = Release|Any CPU
		{F7C09EF9-5D99-40E9-B26E-9F5F7E0A05D4}.Release|Any CPU.Build.0 = Release|Any CPU
		{E46E6986-48BF-4D82-B404-0899D1A12FD8}.Debug|Any CPU.ActiveCfg = Debug|Any CPU
		{E46E6986-48BF-4D82-B404-0899D1A12FD8}.Debug|Any CPU.Build.0 = Debug|Any CPU
		{E46E6986-48BF-4D82-B404-0899D1A12FD8}.Release|Any CPU.ActiveCfg = Release|Any CPU
		{E46E6986-48BF-4D82-B404-0899D1A12FD8}.Release|Any CPU.Build.0 = Release|Any CPU
		{72CC99EC-8DEA-44DF-9A63-4A387BAAD0C5}.Debug|Any CPU.ActiveCfg = Debug|Any CPU
		{72CC99EC-8DEA-44DF-9A63-4A387BAAD0C5}.Debug|Any CPU.Build.0 = Debug|Any CPU
		{72CC99EC-8DEA-44DF-9A63-4A387BAAD0C5}.Release|Any CPU.ActiveCfg = Release|Any CPU
		{72CC99EC-8DEA-44DF-9A63-4A387BAAD0C5}.Release|Any CPU.Build.0 = Release|Any CPU
		{C15397FC-7BF1-4F39-8715-2446FCBC508E}.Debug|Any CPU.ActiveCfg = Debug|Any CPU
		{C15397FC-7BF1-4F39-8715-2446FCBC508E}.Debug|Any CPU.Build.0 = Debug|Any CPU
		{C15397FC-7BF1-4F39-8715-2446FCBC508E}.Release|Any CPU.ActiveCfg = Release|Any CPU
		{C15397FC-7BF1-4F39-8715-2446FCBC508E}.Release|Any CPU.Build.0 = Release|Any CPU
	EndGlobalSection
	GlobalSection(SolutionProperties) = preSolution
		HideSolutionNode = FALSE
	EndGlobalSection
	GlobalSection(ExtensibilityGlobals) = postSolution
		SolutionGuid = {984C69ED-1D57-48E7-A9FE-7E717EF0C743}
	EndGlobalSection
EndGlobal
